// !$*UTF8*$!
{
	archiveVersion = 1;
	classes = {
	};
	objectVersion = 46;
	objects = {

/* Begin PBXBuildFile section */
		1F86ED6D1E7ADAE600265569 /* AppDelegate.swift in Sources */ = {isa = PBXBuildFile; fileRef = 1F86ED6C1E7ADAE600265569 /* AppDelegate.swift */; };
		1F86ED6F1E7ADAE600265569 /* ViewController.swift in Sources */ = {isa = PBXBuildFile; fileRef = 1F86ED6E1E7ADAE600265569 /* ViewController.swift */; };
		1F86ED721E7ADAE600265569 /* Main.storyboard in Resources */ = {isa = PBXBuildFile; fileRef = 1F86ED701E7ADAE600265569 /* Main.storyboard */; };
		1F86ED741E7ADAE600265569 /* Assets.xcassets in Resources */ = {isa = PBXBuildFile; fileRef = 1F86ED731E7ADAE600265569 /* Assets.xcassets */; };
		1F86ED771E7ADAE600265569 /* LaunchScreen.storyboard in Resources */ = {isa = PBXBuildFile; fileRef = 1F86ED751E7ADAE600265569 /* LaunchScreen.storyboard */; };
		1F86ED821E7ADB3300265569 /* Cycle.swift in Sources */ = {isa = PBXBuildFile; fileRef = 1F86ED811E7ADB3300265569 /* Cycle.swift */; };
		1F86ED841E7ADB4900265569 /* Bicycle.swift in Sources */ = {isa = PBXBuildFile; fileRef = 1F86ED831E7ADB4900265569 /* Bicycle.swift */; };
		1F86ED861E7ADB5B00265569 /* Tricycle.swift in Sources */ = {isa = PBXBuildFile; fileRef = 1F86ED851E7ADB5B00265569 /* Tricycle.swift */; };
		1F86ED881E7ADB7500265569 /* Basket.swift in Sources */ = {isa = PBXBuildFile; fileRef = 1F86ED871E7ADB7500265569 /* Basket.swift */; };
		1F86ED8A1E7ADB8C00265569 /* Tandem.swift in Sources */ = {isa = PBXBuildFile; fileRef = 1F86ED891E7ADB8C00265569 /* Tandem.swift */; };
		1F86ED8D1E7BF39800265569 /* Factory.swift in Sources */ = {isa = PBXBuildFile; fileRef = 1F86ED8C1E7BF39800265569 /* Factory.swift */; };
/* End PBXBuildFile section */

/* Begin PBXFileReference section */
		1F86ED691E7ADAE600265569 /* Cycles.app */ = {isa = PBXFileReference; explicitFileType = wrapper.application; includeInIndex = 0; path = Cycles.app; sourceTree = BUILT_PRODUCTS_DIR; };
		1F86ED6C1E7ADAE600265569 /* AppDelegate.swift */ = {isa = PBXFileReference; lastKnownFileType = sourcecode.swift; path = AppDelegate.swift; sourceTree = "<group>"; };
		1F86ED6E1E7ADAE600265569 /* ViewController.swift */ = {isa = PBXFileReference; lastKnownFileType = sourcecode.swift; path = ViewController.swift; sourceTree = "<group>"; };
		1F86ED711E7ADAE600265569 /* Base */ = {isa = PBXFileReference; lastKnownFileType = file.storyboard; name = Base; path = Base.lproj/Main.storyboard; sourceTree = "<group>"; };
		1F86ED731E7ADAE600265569 /* Assets.xcassets */ = {isa = PBXFileReference; lastKnownFileType = folder.assetcatalog; path = Assets.xcassets; sourceTree = "<group>"; };
		1F86ED761E7ADAE600265569 /* Base */ = {isa = PBXFileReference; lastKnownFileType = file.storyboard; name = Base; path = Base.lproj/LaunchScreen.storyboard; sourceTree = "<group>"; };
		1F86ED781E7ADAE600265569 /* Info.plist */ = {isa = PBXFileReference; lastKnownFileType = text.plist.xml; path = Info.plist; sourceTree = "<group>"; };
		1F86ED811E7ADB3300265569 /* Cycle.swift */ = {isa = PBXFileReference; fileEncoding = 4; lastKnownFileType = sourcecode.swift; path = Cycle.swift; sourceTree = "<group>"; };
		1F86ED831E7ADB4900265569 /* Bicycle.swift */ = {isa = PBXFileReference; fileEncoding = 4; lastKnownFileType = sourcecode.swift; path = Bicycle.swift; sourceTree = "<group>"; };
		1F86ED851E7ADB5B00265569 /* Tricycle.swift */ = {isa = PBXFileReference; fileEncoding = 4; lastKnownFileType = sourcecode.swift; path = Tricycle.swift; sourceTree = "<group>"; };
		1F86ED871E7ADB7500265569 /* Basket.swift */ = {isa = PBXFileReference; fileEncoding = 4; lastKnownFileType = sourcecode.swift; path = Basket.swift; sourceTree = "<group>"; };
		1F86ED891E7ADB8C00265569 /* Tandem.swift */ = {isa = PBXFileReference; fileEncoding = 4; lastKnownFileType = sourcecode.swift; path = Tandem.swift; sourceTree = "<group>"; };
		1F86ED8C1E7BF39800265569 /* Factory.swift */ = {isa = PBXFileReference; fileEncoding = 4; lastKnownFileType = sourcecode.swift; path = Factory.swift; sourceTree = "<group>"; };
/* End PBXFileReference section */

/* Begin PBXFrameworksBuildPhase section */
		1F86ED661E7ADAE600265569 /* Frameworks */ = {
			isa = PBXFrameworksBuildPhase;
			buildActionMask = 2147483647;
			files = (
			);
			runOnlyForDeploymentPostprocessing = 0;
		};
/* End PBXFrameworksBuildPhase section */

/* Begin PBXGroup section */
		1F86ED601E7ADAE600265569 = {
			isa = PBXGroup;
			children = (
				1F86ED6B1E7ADAE600265569 /* Cycles */,
				1F86ED6A1E7ADAE600265569 /* Products */,
			);
			sourceTree = "<group>";
		};
		1F86ED6A1E7ADAE600265569 /* Products */ = {
			isa = PBXGroup;
			children = (
				1F86ED691E7ADAE600265569 /* Cycles.app */,
			);
			name = Products;
			sourceTree = "<group>";
		};
		1F86ED6B1E7ADAE600265569 /* Cycles */ = {
			isa = PBXGroup;
			children = (
				1F86ED7F1E7ADB1F00265569 /* Classes */,
				1F86ED6E1E7ADAE600265569 /* ViewController.swift */,
				1F86ED701E7ADAE600265569 /* Main.storyboard */,
				1F86ED7E1E7ADAED00265569 /* Supporting Files */,
			);
			path = Cycles;
			sourceTree = "<group>";
		};
		1F86ED7E1E7ADAED00265569 /* Supporting Files */ = {
			isa = PBXGroup;
			children = (
				1F86ED731E7ADAE600265569 /* Assets.xcassets */,
				1F86ED781E7ADAE600265569 /* Info.plist */,
				1F86ED751E7ADAE600265569 /* LaunchScreen.storyboard */,
				1F86ED6C1E7ADAE600265569 /* AppDelegate.swift */,
			);
			name = "Supporting Files";
			sourceTree = "<group>";
		};
		1F86ED7F1E7ADB1F00265569 /* Classes */ = {
			isa = PBXGroup;
			children = (
				1F86ED871E7ADB7500265569 /* Basket.swift */,
				1F86ED811E7ADB3300265569 /* Cycle.swift */,
				1F86ED831E7ADB4900265569 /* Bicycle.swift */,
				1F86ED891E7ADB8C00265569 /* Tandem.swift */,
				1F86ED851E7ADB5B00265569 /* Tricycle.swift */,
				1F86ED8C1E7BF39800265569 /* Factory.swift */,
			);
			name = Classes;
			sourceTree = "<group>";
		};
/* End PBXGroup section */

/* Begin PBXNativeTarget section */
		1F86ED681E7ADAE600265569 /* Cycles */ = {
			isa = PBXNativeTarget;
			buildConfigurationList = 1F86ED7B1E7ADAE600265569 /* Build configuration list for PBXNativeTarget "Cycles" */;
			buildPhases = (
				1F86ED651E7ADAE600265569 /* Sources */,
				1F86ED661E7ADAE600265569 /* Frameworks */,
				1F86ED671E7ADAE600265569 /* Resources */,
			);
			buildRules = (
			);
			dependencies = (
			);
			name = Cycles;
			productName = Cycles;
			productReference = 1F86ED691E7ADAE600265569 /* Cycles.app */;
			productType = "com.apple.product-type.application";
		};
/* End PBXNativeTarget section */

/* Begin PBXProject section */
		1F86ED611E7ADAE600265569 /* Project object */ = {
			isa = PBXProject;
			attributes = {
				LastSwiftUpdateCheck = 0820;
				LastUpgradeCheck = 0820;
				ORGANIZATIONNAME = "Stefan Mertens";
				TargetAttributes = {
					1F86ED681E7ADAE600265569 = {
						CreatedOnToolsVersion = 8.2.1;
						DevelopmentTeam = FC4Y298GSG;
						ProvisioningStyle = Automatic;
					};
				};
			};
			buildConfigurationList = 1F86ED641E7ADAE600265569 /* Build configuration list for PBXProject "Cycles" */;
			compatibilityVersion = "Xcode 3.2";
			developmentRegion = English;
			hasScannedForEncodings = 0;
			knownRegions = (
				en,
				Base,
			);
			mainGroup = 1F86ED601E7ADAE600265569;
			productRefGroup = 1F86ED6A1E7ADAE600265569 /* Products */;
			projectDirPath = "";
			projectRoot = "";
			targets = (
				1F86ED681E7ADAE600265569 /* Cycles */,
			);
		};
/* End PBXProject section */

/* Begin PBXResourcesBuildPhase section */
		1F86ED671E7ADAE600265569 /* Resources */ = {
			isa = PBXResourcesBuildPhase;
			buildActionMask = 2147483647;
			files = (
				1F86ED771E7ADAE600265569 /* LaunchScreen.storyboard in Resources */,
				1F86ED741E7ADAE600265569 /* Assets.xcassets in Resources */,
				1F86ED721E7ADAE600265569 /* Main.storyboard in Resources */,
			);
			runOnlyForDeploymentPostprocessing = 0;
		};
/* End PBXResourcesBuildPhase section */

/* Begin PBXSourcesBuildPhase section */
		1F86ED651E7ADAE600265569 /* Sources */ = {
			isa = PBXSourcesBuildPhase;
			buildActionMask = 2147483647;
			files = (
				1F86ED8D1E7BF39800265569 /* Factory.swift in Sources */,
				1F86ED8A1E7ADB8C00265569 /* Tandem.swift in Sources */,
				1F86ED6F1E7ADAE600265569 /* ViewController.swift in Sources */,
				1F86ED6D1E7ADAE600265569 /* AppDelegate.swift in Sources */,
				1F86ED861E7ADB5B00265569 /* Tricycle.swift in Sources */,
				1F86ED881E7ADB7500265569 /* Basket.swift in Sources */,
				1F86ED821E7ADB3300265569 /* Cycle.swift in Sources */,
				1F86ED841E7ADB4900265569 /* Bicycle.swift in Sources */,
			);
			runOnlyForDeploymentPostprocessing = 0;
		};
/* End PBXSourcesBuildPhase section */

/* Begin PBXVariantGroup section */
		1F86ED701E7ADAE600265569 /* Main.storyboard */ = {
			isa = PBXVariantGroup;
			children = (
				1F86ED711E7ADAE600265569 /* Base */,
			);
			name = Main.storyboard;
			sourceTree = "<group>";
		};
		1F86ED751E7ADAE600265569 /* LaunchScreen.storyboard */ = {
			isa = PBXVariantGroup;
			children = (
				1F86ED761E7ADAE600265569 /* Base */,
			);
			name = LaunchScreen.storyboard;
			sourceTree = "<group>";
		};
/* End PBXVariantGroup section */

/* Begin XCBuildConfiguration section */
		1F86ED791E7ADAE600265569 /* Debug */ = {
			isa = XCBuildConfiguration;
			buildSettings = {
				ALWAYS_SEARCH_USER_PATHS = NO;
				CLANG_ANALYZER_NONNULL = YES;
				CLANG_CXX_LANGUAGE_STANDARD = "gnu++0x";
				CLANG_CXX_LIBRARY = "libc++";
				CLANG_ENABLE_MODULES = YES;
				CLANG_ENABLE_OBJC_ARC = YES;
				CLANG_WARN_BOOL_CONVERSION = YES;
				CLANG_WARN_CONSTANT_CONVERSION = YES;
				CLANG_WARN_DIRECT_OBJC_ISA_USAGE = YES_ERROR;
				CLANG_WARN_DOCUMENTATION_COMMENTS = YES;
				CLANG_WARN_EMPTY_BODY = YES;
				CLANG_WARN_ENUM_CONVERSION = YES;
				CLANG_WARN_INFINITE_RECURSION = YES;
				CLANG_WARN_INT_CONVERSION = YES;
				CLANG_WARN_OBJC_ROOT_CLASS = YES_ERROR;
				CLANG_WARN_SUSPICIOUS_MOVE = YES;
				CLANG_WARN_UNREACHABLE_CODE = YES;
				CLANG_WARN__DUPLICATE_METHOD_MATCH = YES;
				"CODE_SIGN_IDENTITY[sdk=iphoneos*]" = "iPhone Developer";
				COPY_PHASE_STRIP = NO;
				DEBUG_INFORMATION_FORMAT = dwarf;
				ENABLE_STRICT_OBJC_MSGSEND = YES;
				ENABLE_TESTABILITY = YES;
				GCC_C_LANGUAGE_STANDARD = gnu99;
				GCC_DYNAMIC_NO_PIC = NO;
				GCC_NO_COMMON_BLOCKS = YES;
				GCC_OPTIMIZATION_LEVEL = 0;
				GCC_PREPROCESSOR_DEFINITIONS = (
					"DEBUG=1",
					"$(inherited)",
				);
				GCC_WARN_64_TO_32_BIT_CONVERSION = YES;
				GCC_WARN_ABOUT_RETURN_TYPE = YES_ERROR;
				GCC_WARN_UNDECLARED_SELECTOR = YES;
				GCC_WARN_UNINITIALIZED_AUTOS = YES_AGGRESSIVE;
				GCC_WARN_UNUSED_FUNCTION = YES;
				GCC_WARN_UNUSED_VARIABLE = YES;
				IPHONEOS_DEPLOYMENT_TARGET = 10.2;
				MTL_ENABLE_DEBUG_INFO = YES;
				ONLY_ACTIVE_ARCH = YES;
				SDKROOT = iphoneos;
				SWIFT_ACTIVE_COMPILATION_CONDITIONS = DEBUG;
				SWIFT_OPTIMIZATION_LEVEL = "-Onone";
			};
			name = Debug;
		};
		1F86ED7A1E7ADAE600265569 /* Release */ = {
			isa = XCBuildConfiguration;
			buildSettings = {
				ALWAYS_SEARCH_USER_PATHS = NO;
				CLANG_ANALYZER_NONNULL = YES;
				CLANG_CXX_LANGUAGE_STANDARD = "gnu++0x";
				CLANG_CXX_LIBRARY = "libc++";
				CLANG_ENABLE_MODULES = YES;
				CLANG_ENABLE_OBJC_ARC = YES;
				CLANG_WARN_BOOL_CONVERSION = YES;
				CLANG_WARN_CONSTANT_CONVERSION = YES;
				CLANG_WARN_DIRECT_OBJC_ISA_USAGE = YES_ERROR;
				CLANG_WARN_DOCUMENTATION_COMMENTS = YES;
				CLANG_WARN_EMPTY_BODY = YES;
				CLANG_WARN_ENUM_CONVERSION = YES;
				CLANG_WARN_INFINITE_RECURSION = YES;
				CLANG_WARN_INT_CONVERSION = YES;
				CLANG_WARN_OBJC_ROOT_CLASS = YES_ERROR;
				CLANG_WARN_SUSPICIOUS_MOVE = YES;
				CLANG_WARN_UNREACHABLE_CODE = YES;
				CLANG_WARN__DUPLICATE_METHOD_MATCH = YES;
				"CODE_SIGN_IDENTITY[sdk=iphoneos*]" = "iPhone Developer";
				COPY_PHASE_STRIP = NO;
				DEBUG_INFORMATION_FORMAT = "dwarf-with-dsym";
				ENABLE_NS_ASSERTIONS = NO;
				ENABLE_STRICT_OBJC_MSGSEND = YES;
				GCC_C_LANGUAGE_STANDARD = gnu99;
				GCC_NO_COMMON_BLOCKS = YES;
				GCC_WARN_64_TO_32_BIT_CONVERSION = YES;
				GCC_WARN_ABOUT_RETURN_TYPE = YES_ERROR;
				GCC_WARN_UNDECLARED_SELECTOR = YES;
				GCC_WARN_UNINITIALIZED_AUTOS = YES_AGGRESSIVE;
				GCC_WARN_UNUSED_FUNCTION = YES;
				GCC_WARN_UNUSED_VARIABLE = YES;
				IPHONEOS_DEPLOYMENT_TARGET = 10.2;
				MTL_ENABLE_DEBUG_INFO = NO;
				SDKROOT = iphoneos;
				SWIFT_OPTIMIZATION_LEVEL = "-Owholemodule";
				VALIDATE_PRODUCT = YES;
			};
			name = Release;
		};
		1F86ED7C1E7ADAE600265569 /* Debug */ = {
			isa = XCBuildConfiguration;
			buildSettings = {
				ASSETCATALOG_COMPILER_APPICON_NAME = AppIcon;
				DEVELOPMENT_TEAM = FC4Y298GSG;
				INFOPLIST_FILE = Cycles/Info.plist;
				LD_RUNPATH_SEARCH_PATHS = "$(inherited) @executable_path/Frameworks";
				PRODUCT_BUNDLE_IDENTIFIER = edu.Stefan.Cycles;
				PRODUCT_NAME = "$(TARGET_NAME)";
				SWIFT_VERSION = 3.0;
			};
			name = Debug;
		};
		1F86ED7D1E7ADAE600265569 /* Release */ = {
			isa = XCBuildConfiguration;
			buildSettings = {
				ASSETCATALOG_COMPILER_APPICON_NAME = AppIcon;
				DEVELOPMENT_TEAM = FC4Y298GSG;
				INFOPLIST_FILE = Cycles/Info.plist;
				LD_RUNPATH_SEARCH_PATHS = "$(inherited) @executable_path/Frameworks";
				PRODUCT_BUNDLE_IDENTIFIER = edu.Stefan.Cycles;
				PRODUCT_NAME = "$(TARGET_NAME)";
				SWIFT_VERSION = 3.0;
			};
			name = Release;
		};
/* End XCBuildConfiguration section */

/* Begin XCConfigurationList section */
		1F86ED641E7ADAE600265569 /* Build configuration list for PBXProject "Cycles" */ = {
			isa = XCConfigurationList;
			buildConfigurations = (
				1F86ED791E7ADAE600265569 /* Debug */,
				1F86ED7A1E7ADAE600265569 /* Release */,
			);
			defaultConfigurationIsVisible = 0;
			defaultConfigurationName = Release;
		};
		1F86ED7B1E7ADAE600265569 /* Build configuration list for PBXNativeTarget "Cycles" */ = {
			isa = XCConfigurationList;
			buildConfigurations = (
				1F86ED7C1E7ADAE600265569 /* Debug */,
				1F86ED7D1E7ADAE600265569 /* Release */,
			);
			defaultConfigurationIsVisible = 0;
		};
/* End XCConfigurationList section */
	};
	rootObject = 1F86ED611E7ADAE600265569 /* Project object */;
}
